
Microsoft Visual Studio Solution File, Format Version 12.00
# Visual Studio 15
Project("{FAE04EC0-301F-11D3-BF4B-00C04F79EFBC}") = "IntroToRazor", "IntroToRazor\IntroToRazor.csproj", "{12F33BCA-12FB-4DD9-8214-4BC79978C362}"
EndProject
Project("{FAE04EC0-301F-11D3-BF4B-00C04F79EFBC}") = "contosoCrafts.WebSite", "contosoCrafts\contosoCrafts.WebSite.csproj", "{90B743FF-6F25-454B-B2B4-464579FC3A9E}"
EndProject
Global
	GlobalSection(SolutionConfigurationPlatforms) = preSolution
		Debug|Any CPU = Debug|Any CPU
		Release|Any CPU = Release|Any CPU
	EndGlobalSection
	GlobalSection(ProjectConfigurationPlatforms) = postSolution
		{12F33BCA-12FB-4DD9-8214-4BC79978C362}.Debug|Any CPU.ActiveCfg = Debug|Any CPU
		{12F33BCA-12FB-4DD9-8214-4BC79978C362}.Debug|Any CPU.Build.0 = Debug|Any CPU
		{12F33BCA-12FB-4DD9-8214-4BC79978C362}.Release|Any CPU.ActiveCfg = Release|Any CPU
		{12F33BCA-12FB-4DD9-8214-4BC79978C362}.Release|Any CPU.Build.0 = Release|Any CPU
		{90B743FF-6F25-454B-B2B4-464579FC3A9E}.Debug|Any CPU.ActiveCfg = Debug|Any CPU
		{90B743FF-6F25-454B-B2B4-464579FC3A9E}.Debug|Any CPU.Build.0 = Debug|Any CPU
		{90B743FF-6F25-454B-B2B4-464579FC3A9E}.Release|Any CPU.ActiveCfg = Release|Any CPU
		{90B743FF-6F25-454B-B2B4-464579FC3A9E}.Release|Any CPU.Build.0 = Release|Any CPU
	EndGlobalSection
EndGlobal
